// !$*UTF8*$!
{
	archiveVersion = 1;
	classes = {
	};
	objectVersion = 46;
	objects = {

/* Begin PBXBuildFile section */
		76F268D41A1F654A0028F4FF /* AppDelegate.swift in Sources */ = {isa = PBXBuildFile; fileRef = 76F268D31A1F654A0028F4FF /* AppDelegate.swift */; };
		76F268D61A1F654A0028F4FF /* ViewController.swift in Sources */ = {isa = PBXBuildFile; fileRef = 76F268D51A1F654A0028F4FF /* ViewController.swift */; };
		76F268D91A1F654A0028F4FF /* Main.storyboard in Resources */ = {isa = PBXBuildFile; fileRef = 76F268D71A1F654A0028F4FF /* Main.storyboard */; };
		76F268DB1A1F654A0028F4FF /* Images.xcassets in Resources */ = {isa = PBXBuildFile; fileRef = 76F268DA1A1F654A0028F4FF /* Images.xcassets */; };
		76F268DE1A1F654A0028F4FF /* LaunchScreen.xib in Resources */ = {isa = PBXBuildFile; fileRef = 76F268DC1A1F654A0028F4FF /* LaunchScreen.xib */; };
		76F268EA1A1F654A0028F4FF /* NumeroTests.swift in Sources */ = {isa = PBXBuildFile; fileRef = 76F268E91A1F654A0028F4FF /* NumeroTests.swift */; };
		A30EC2351A1F722300F6C5CF /* GameViewController.swift in Sources */ = {isa = PBXBuildFile; fileRef = A30EC2341A1F722300F6C5CF /* GameViewController.swift */; };
		A30EC2371A1F724000F6C5CF /* CorrectViewController.swift in Sources */ = {isa = PBXBuildFile; fileRef = A30EC2361A1F724000F6C5CF /* CorrectViewController.swift */; };
		A30EC2391A1F725200F6C5CF /* WrongViewController.swift in Sources */ = {isa = PBXBuildFile; fileRef = A30EC2381A1F725200F6C5CF /* WrongViewController.swift */; };
		A30EC23B1A1F72DE00F6C5CF /* AddressBook.framework in Frameworks */ = {isa = PBXBuildFile; fileRef = A30EC23A1A1F72DE00F6C5CF /* AddressBook.framework */; };
/* End PBXBuildFile section */

/* Begin PBXContainerItemProxy section */
		76F268E41A1F654A0028F4FF /* PBXContainerItemProxy */ = {
			isa = PBXContainerItemProxy;
			containerPortal = 76F268C61A1F654A0028F4FF /* Project object */;
			proxyType = 1;
			remoteGlobalIDString = 76F268CD1A1F654A0028F4FF;
			remoteInfo = Numero;
		};
/* End PBXContainerItemProxy section */

/* Begin PBXFileReference section */
		76F268CE1A1F654A0028F4FF /* Numero.app */ = {isa = PBXFileReference; explicitFileType = wrapper.application; includeInIndex = 0; path = Numero.app; sourceTree = BUILT_PRODUCTS_DIR; };
		76F268D21A1F654A0028F4FF /* Info.plist */ = {isa = PBXFileReference; lastKnownFileType = text.plist.xml; path = Info.plist; sourceTree = "<group>"; };
		76F268D31A1F654A0028F4FF /* AppDelegate.swift */ = {isa = PBXFileReference; lastKnownFileType = sourcecode.swift; path = AppDelegate.swift; sourceTree = "<group>"; };
		76F268D51A1F654A0028F4FF /* ViewController.swift */ = {isa = PBXFileReference; lastKnownFileType = sourcecode.swift; path = ViewController.swift; sourceTree = "<group>"; };
		76F268D81A1F654A0028F4FF /* Base */ = {isa = PBXFileReference; lastKnownFileType = file.storyboard; name = Base; path = Base.lproj/Main.storyboard; sourceTree = "<group>"; };
		76F268DA1A1F654A0028F4FF /* Images.xcassets */ = {isa = PBXFileReference; lastKnownFileType = folder.assetcatalog; path = Images.xcassets; sourceTree = "<group>"; };
		76F268DD1A1F654A0028F4FF /* Base */ = {isa = PBXFileReference; lastKnownFileType = file.xib; name = Base; path = Base.lproj/LaunchScreen.xib; sourceTree = "<group>"; };
		76F268E31A1F654A0028F4FF /* NumeroTests.xctest */ = {isa = PBXFileReference; explicitFileType = wrapper.cfbundle; includeInIndex = 0; path = NumeroTests.xctest; sourceTree = BUILT_PRODUCTS_DIR; };
		76F268E81A1F654A0028F4FF /* Info.plist */ = {isa = PBXFileReference; lastKnownFileType = text.plist.xml; path = Info.plist; sourceTree = "<group>"; };
		76F268E91A1F654A0028F4FF /* NumeroTests.swift */ = {isa = PBXFileReference; lastKnownFileType = sourcecode.swift; path = NumeroTests.swift; sourceTree = "<group>"; };
		A30EC2341A1F722300F6C5CF /* GameViewController.swift */ = {isa = PBXFileReference; fileEncoding = 4; lastKnownFileType = sourcecode.swift; path = GameViewController.swift; sourceTree = "<group>"; };
		A30EC2361A1F724000F6C5CF /* CorrectViewController.swift */ = {isa = PBXFileReference; fileEncoding = 4; lastKnownFileType = sourcecode.swift; path = CorrectViewController.swift; sourceTree = "<group>"; };
		A30EC2381A1F725200F6C5CF /* WrongViewController.swift */ = {isa = PBXFileReference; fileEncoding = 4; lastKnownFileType = sourcecode.swift; path = WrongViewController.swift; sourceTree = "<group>"; };
		A30EC23A1A1F72DE00F6C5CF /* AddressBook.framework */ = {isa = PBXFileReference; lastKnownFileType = wrapper.framework; name = AddressBook.framework; path = System/Library/Frameworks/AddressBook.framework; sourceTree = SDKROOT; };
/* End PBXFileReference section */

/* Begin PBXFrameworksBuildPhase section */
		76F268CB1A1F654A0028F4FF /* Frameworks */ = {
			isa = PBXFrameworksBuildPhase;
			buildActionMask = 2147483647;
			files = (
				A30EC23B1A1F72DE00F6C5CF /* AddressBook.framework in Frameworks */,
			);
			runOnlyForDeploymentPostprocessing = 0;
		};
		76F268E01A1F654A0028F4FF /* Frameworks */ = {
			isa = PBXFrameworksBuildPhase;
			buildActionMask = 2147483647;
			files = (
			);
			runOnlyForDeploymentPostprocessing = 0;
		};
/* End PBXFrameworksBuildPhase section */

/* Begin PBXGroup section */
		76F268C51A1F654A0028F4FF = {
			isa = PBXGroup;
			children = (
				A30EC23A1A1F72DE00F6C5CF /* AddressBook.framework */,
				76F268D01A1F654A0028F4FF /* Numero */,
				76F268E61A1F654A0028F4FF /* NumeroTests */,
				76F268CF1A1F654A0028F4FF /* Products */,
			);
			sourceTree = "<group>";
		};
		76F268CF1A1F654A0028F4FF /* Products */ = {
			isa = PBXGroup;
			children = (
				76F268CE1A1F654A0028F4FF /* Numero.app */,
				76F268E31A1F654A0028F4FF /* NumeroTests.xctest */,
			);
			name = Products;
			sourceTree = "<group>";
		};
		76F268D01A1F654A0028F4FF /* Numero */ = {
			isa = PBXGroup;
			children = (
				A30EC2341A1F722300F6C5CF /* GameViewController.swift */,
				76F268D31A1F654A0028F4FF /* AppDelegate.swift */,
				76F268D51A1F654A0028F4FF /* ViewController.swift */,
				76F268D71A1F654A0028F4FF /* Main.storyboard */,
				76F268DA1A1F654A0028F4FF /* Images.xcassets */,
				76F268DC1A1F654A0028F4FF /* LaunchScreen.xib */,
				76F268D11A1F654A0028F4FF /* Supporting Files */,
				A30EC2361A1F724000F6C5CF /* CorrectViewController.swift */,
				A30EC2381A1F725200F6C5CF /* WrongViewController.swift */,
			);
			path = Numero;
			sourceTree = "<group>";
		};
		76F268D11A1F654A0028F4FF /* Supporting Files */ = {
			isa = PBXGroup;
			children = (
				76F268D21A1F654A0028F4FF /* Info.plist */,
			);
			name = "Supporting Files";
			sourceTree = "<group>";
		};
		76F268E61A1F654A0028F4FF /* NumeroTests */ = {
			isa = PBXGroup;
			children = (
				76F268E91A1F654A0028F4FF /* NumeroTests.swift */,
				76F268E71A1F654A0028F4FF /* Supporting Files */,
			);
			path = NumeroTests;
			sourceTree = "<group>";
		};
		76F268E71A1F654A0028F4FF /* Supporting Files */ = {
			isa = PBXGroup;
			children = (
				76F268E81A1F654A0028F4FF /* Info.plist */,
			);
			name = "Supporting Files";
			sourceTree = "<group>";
		};
/* End PBXGroup section */

/* Begin PBXNativeTarget section */
		76F268CD1A1F654A0028F4FF /* Numero */ = {
			isa = PBXNativeTarget;
			buildConfigurationList = 76F268ED1A1F654A0028F4FF /* Build configuration list for PBXNativeTarget "Numero" */;
			buildPhases = (
				76F268CA1A1F654A0028F4FF /* Sources */,
				76F268CB1A1F654A0028F4FF /* Frameworks */,
				76F268CC1A1F654A0028F4FF /* Resources */,
			);
			buildRules = (
			);
			dependencies = (
			);
			name = Numero;
			productName = Numero;
			productReference = 76F268CE1A1F654A0028F4FF /* Numero.app */;
			productType = "com.apple.product-type.application";
		};
		76F268E21A1F654A0028F4FF /* NumeroTests */ = {
			isa = PBXNativeTarget;
			buildConfigurationList = 76F268F01A1F654A0028F4FF /* Build configuration list for PBXNativeTarget "NumeroTests" */;
			buildPhases = (
				76F268DF1A1F654A0028F4FF /* Sources */,
				76F268E01A1F654A0028F4FF /* Frameworks */,
				76F268E11A1F654A0028F4FF /* Resources */,
			);
			buildRules = (
			);
			dependencies = (
				76F268E51A1F654A0028F4FF /* PBXTargetDependency */,
			);
			name = NumeroTests;
			productName = NumeroTests;
			productReference = 76F268E31A1F654A0028F4FF /* NumeroTests.xctest */;
			productType = "com.apple.product-type.bundle.unit-test";
		};
/* End PBXNativeTarget section */

/* Begin PBXProject section */
		76F268C61A1F654A0028F4FF /* Project object */ = {
			isa = PBXProject;
			attributes = {
				LastUpgradeCheck = 0620;
				ORGANIZATIONNAME = "Ho Yin Cheung";
				TargetAttributes = {
					76F268CD1A1F654A0028F4FF = {
						CreatedOnToolsVersion = 6.2;
					};
					76F268E21A1F654A0028F4FF = {
						CreatedOnToolsVersion = 6.2;
						TestTargetID = 76F268CD1A1F654A0028F4FF;
					};
				};
			};
			buildConfigurationList = 76F268C91A1F654A0028F4FF /* Build configuration list for PBXProject "Numero" */;
			compatibilityVersion = "Xcode 3.2";
			developmentRegion = English;
			hasScannedForEncodings = 0;
			knownRegions = (
				en,
				Base,
			);
			mainGroup = 76F268C51A1F654A0028F4FF;
			productRefGroup = 76F268CF1A1F654A0028F4FF /* Products */;
			projectDirPath = "";
			projectRoot = "";
			targets = (
				76F268CD1A1F654A0028F4FF /* Numero */,
				76F268E21A1F654A0028F4FF /* NumeroTests */,
			);
		};
/* End PBXProject section */

/* Begin PBXResourcesBuildPhase section */
		76F268CC1A1F654A0028F4FF /* Resources */ = {
			isa = PBXResourcesBuildPhase;
			buildActionMask = 2147483647;
			files = (
				76F268D91A1F654A0028F4FF /* Main.storyboard in Resources */,
				76F268DE1A1F654A0028F4FF /* LaunchScreen.xib in Resources */,
				76F268DB1A1F654A0028F4FF /* Images.xcassets in Resources */,
			);
			runOnlyForDeploymentPostprocessing = 0;
		};
		76F268E11A1F654A0028F4FF /* Resources */ = {
			isa = PBXResourcesBuildPhase;
			buildActionMask = 2147483647;
			files = (
			);
			runOnlyForDeploymentPostprocessing = 0;
		};
/* End PBXResourcesBuildPhase section */

/* Begin PBXSourcesBuildPhase section */
		76F268CA1A1F654A0028F4FF /* Sources */ = {
			isa = PBXSourcesBuildPhase;
			buildActionMask = 2147483647;
			files = (
				76F268D61A1F654A0028F4FF /* ViewController.swift in Sources */,
				A30EC2351A1F722300F6C5CF /* GameViewController.swift in Sources */,
				76F268D41A1F654A0028F4FF /* AppDelegate.swift in Sources */,
				A30EC2371A1F724000F6C5CF /* CorrectViewController.swift in Sources */,
				A30EC2391A1F725200F6C5CF /* WrongViewController.swift in Sources */,
			);
			runOnlyForDeploymentPostprocessing = 0;
		};
		76F268DF1A1F654A0028F4FF /* Sources */ = {
			isa = PBXSourcesBuildPhase;
			buildActionMask = 2147483647;
			files = (
				76F268EA1A1F654A0028F4FF /* NumeroTests.swift in Sources */,
			);
			runOnlyForDeploymentPostprocessing = 0;
		};
/* End PBXSourcesBuildPhase section */

/* Begin PBXTargetDependency section */
		76F268E51A1F654A0028F4FF /* PBXTargetDependency */ = {
			isa = PBXTargetDependency;
			target = 76F268CD1A1F654A0028F4FF /* Numero */;
			targetProxy = 76F268E41A1F654A0028F4FF /* PBXContainerItemProxy */;
		};
/* End PBXTargetDependency section */

/* Begin PBXVariantGroup section */
		76F268D71A1F654A0028F4FF /* Main.storyboard */ = {
			isa = PBXVariantGroup;
			children = (
				76F268D81A1F654A0028F4FF /* Base */,
			);
			name = Main.storyboard;
			sourceTree = "<group>";
		};
		76F268DC1A1F654A0028F4FF /* LaunchScreen.xib */ = {
			isa = PBXVariantGroup;
			children = (
				76F268DD1A1F654A0028F4FF /* Base */,
			);
			name = LaunchScreen.xib;
			sourceTree = "<group>";
		};
/* End PBXVariantGroup section */

/* Begin XCBuildConfiguration section */
		76F268EB1A1F654A0028F4FF /* Debug */ = {
			isa = XCBuildConfiguration;
			buildSettings = {
				ALWAYS_SEARCH_USER_PATHS = NO;
				CLANG_CXX_LANGUAGE_STANDARD = "gnu++0x";
				CLANG_CXX_LIBRARY = "libc++";
				CLANG_ENABLE_MODULES = YES;
				CLANG_ENABLE_OBJC_ARC = YES;
				CLANG_WARN_BOOL_CONVERSION = YES;
				CLANG_WARN_CONSTANT_CONVERSION = YES;
				CLANG_WARN_DIRECT_OBJC_ISA_USAGE = YES_ERROR;
				CLANG_WARN_EMPTY_BODY = YES;
				CLANG_WARN_ENUM_CONVERSION = YES;
				CLANG_WARN_INT_CONVERSION = YES;
				CLANG_WARN_OBJC_ROOT_CLASS = YES_ERROR;
				CLANG_WARN_UNREACHABLE_CODE = YES;
				CLANG_WARN__DUPLICATE_METHOD_MATCH = YES;
				"CODE_SIGN_IDENTITY[sdk=iphoneos*]" = "iPhone Developer";
				COPY_PHASE_STRIP = NO;
				ENABLE_STRICT_OBJC_MSGSEND = YES;
				GCC_C_LANGUAGE_STANDARD = gnu99;
				GCC_DYNAMIC_NO_PIC = NO;
				GCC_OPTIMIZATION_LEVEL = 0;
				GCC_PREPROCESSOR_DEFINITIONS = (
					"DEBUG=1",
					"$(inherited)",
				);
				GCC_SYMBOLS_PRIVATE_EXTERN = NO;
				GCC_WARN_64_TO_32_BIT_CONVERSION = YES;
				GCC_WARN_ABOUT_RETURN_TYPE = YES_ERROR;
				GCC_WARN_UNDECLARED_SELECTOR = YES;
				GCC_WARN_UNINITIALIZED_AUTOS = YES_AGGRESSIVE;
				GCC_WARN_UNUSED_FUNCTION = YES;
				GCC_WARN_UNUSED_VARIABLE = YES;
				IPHONEOS_DEPLOYMENT_TARGET = 8.1;
				MTL_ENABLE_DEBUG_INFO = YES;
				ONLY_ACTIVE_ARCH = YES;
				SDKROOT = iphoneos;
				SWIFT_OPTIMIZATION_LEVEL = "-Onone";
			};
			name = Debug;
		};
		76F268EC1A1F654A0028F4FF /* Release */ = {
			isa = XCBuildConfiguration;
			buildSettings = {
				ALWAYS_SEARCH_USER_PATHS = NO;
				CLANG_CXX_LANGUAGE_STANDARD = "gnu++0x";
				CLANG_CXX_LIBRARY = "libc++";
				CLANG_ENABLE_MODULES = YES;
				CLANG_ENABLE_OBJC_ARC = YES;
				CLANG_WARN_BOOL_CONVERSION = YES;
				CLANG_WARN_CONSTANT_CONVERSION = YES;
				CLANG_WARN_DIRECT_OBJC_ISA_USAGE = YES_ERROR;
				CLANG_WARN_EMPTY_BODY = YES;
				CLANG_WARN_ENUM_CONVERSION = YES;
				CLANG_WARN_INT_CONVERSION = YES;
				CLANG_WARN_OBJC_ROOT_CLASS = YES_ERROR;
				CLANG_WARN_UNREACHABLE_CODE = YES;
				CLANG_WARN__DUPLICATE_METHOD_MATCH = YES;
				"CODE_SIGN_IDENTITY[sdk=iphoneos*]" = "iPhone Developer";
				COPY_PHASE_STRIP = YES;
				ENABLE_NS_ASSERTIONS = NO;
				ENABLE_STRICT_OBJC_MSGSEND = YES;
				GCC_C_LANGUAGE_STANDARD = gnu99;
				GCC_WARN_64_TO_32_BIT_CONVERSION = YES;
				GCC_WARN_ABOUT_RETURN_TYPE = YES_ERROR;
				GCC_WARN_UNDECLARED_SELECTOR = YES;
				GCC_WARN_UNINITIALIZED_AUTOS = YES_AGGRESSIVE;
				GCC_WARN_UNUSED_FUNCTION = YES;
				GCC_WARN_UNUSED_VARIABLE = YES;
				IPHONEOS_DEPLOYMENT_TARGET = 8.1;
				MTL_ENABLE_DEBUG_INFO = NO;
				SDKROOT = iphoneos;
				VALIDATE_PRODUCT = YES;
			};
			name = Release;
		};
		76F268EE1A1F654A0028F4FF /* Debug */ = {
			isa = XCBuildConfiguration;
			buildSettings = {
				ASSETCATALOG_COMPILER_APPICON_NAME = AppIcon;
				INFOPLIST_FILE = Numero/Info.plist;
				LD_RUNPATH_SEARCH_PATHS = "$(inherited) @executable_path/Frameworks";
				PRODUCT_NAME = "$(TARGET_NAME)";
			};
			name = Debug;
		};
		76F268EF1A1F654A0028F4FF /* Release */ = {
			isa = XCBuildConfiguration;
			buildSettings = {
				ASSETCATALOG_COMPILER_APPICON_NAME = AppIcon;
				INFOPLIST_FILE = Numero/Info.plist;
				LD_RUNPATH_SEARCH_PATHS = "$(inherited) @executable_path/Frameworks";
				PRODUCT_NAME = "$(TARGET_NAME)";
			};
			name = Release;
		};
		76F268F11A1F654A0028F4FF /* Debug */ = {
			isa = XCBuildConfiguration;
			buildSettings = {
				BUNDLE_LOADER = "$(TEST_HOST)";
				FRAMEWORK_SEARCH_PATHS = (
					"$(SDKROOT)/Developer/Library/Frameworks",
					"$(inherited)",
				);
				GCC_PREPROCESSOR_DEFINITIONS = (
					"DEBUG=1",
					"$(inherited)",
				);
				INFOPLIST_FILE = NumeroTests/Info.plist;
				LD_RUNPATH_SEARCH_PATHS = "$(inherited) @executable_path/Frameworks @loader_path/Frameworks";
				PRODUCT_NAME = "$(TARGET_NAME)";
				TEST_HOST = "$(BUILT_PRODUCTS_DIR)/Numero.app/Numero";
			};
			name = Debug;
		};
		76F268F21A1F654A0028F4FF /* Release */ = {
			isa = XCBuildConfiguration;
			buildSettings = {
				BUNDLE_LOADER = "$(TEST_HOST)";
				FRAMEWORK_SEARCH_PATHS = (
					"$(SDKROOT)/Developer/Library/Frameworks",
					"$(inherited)",
				);
				INFOPLIST_FILE = NumeroTests/Info.plist;
				LD_RUNPATH_SEARCH_PATHS = "$(inherited) @executable_path/Frameworks @loader_path/Frameworks";
				PRODUCT_NAME = "$(TARGET_NAME)";
				TEST_HOST = "$(BUILT_PRODUCTS_DIR)/Numero.app/Numero";
			};
			name = Release;
		};
/* End XCBuildConfiguration section */

/* Begin XCConfigurationList section */
		76F268C91A1F654A0028F4FF /* Build configuration list for PBXProject "Numero" */ = {
			isa = XCConfigurationList;
			buildConfigurations = (
				76F268EB1A1F654A0028F4FF /* Debug */,
				76F268EC1A1F654A0028F4FF /* Release */,
			);
			defaultConfigurationIsVisible = 0;
			defaultConfigurationName = Release;
		};
		76F268ED1A1F654A0028F4FF /* Build configuration list for PBXNativeTarget "Numero" */ = {
			isa = XCConfigurationList;
			buildConfigurations = (
				76F268EE1A1F654A0028F4FF /* Debug */,
				76F268EF1A1F654A0028F4FF /* Release */,
			);
			defaultConfigurationIsVisible = 0;
			defaultConfigurationName = Release;
		};
		76F268F01A1F654A0028F4FF /* Build configuration list for PBXNativeTarget "NumeroTests" */ = {
			isa = XCConfigurationList;
			buildConfigurations = (
				76F268F11A1F654A0028F4FF /* Debug */,
				76F268F21A1F654A0028F4FF /* Release */,
			);
			defaultConfigurationIsVisible = 0;
			defaultConfigurationName = Release;
		};
/* End XCConfigurationList section */
	};
	rootObject = 76F268C61A1F654A0028F4FF /* Project object */;
}
